version = 1
revision = 1
requires-python = ">=3.10"

[[package]]
name = "confluent-kafka"
version = "2.11.0"
source = { registry = "https://pypi.org/simple" }
sdist = { url = "https://files.pythonhosted.org/packages/4a/72/4dcfb7842f6a99fa6fd07afd8097b06040c240fd0a70e90b336bf0608156/confluent_kafka-2.11.0.tar.gz", hash = "sha256:d95512838eebd42a4657ce891dfa32bcbc06906e3391b328de24f7731b0c2755", size = 224835 }
wheels = [
    { url = "https://files.pythonhosted.org/packages/f8/55/9953d668ff816089acb2643049db7afe9721ac558124634220abdfd8bcd5/confluent_kafka-2.11.0-cp310-cp310-macosx_10_9_x86_64.whl", hash = "sha256:ae672723577775aba560da34e376ffa4a038ff3e07c8513920b81903f8f9c4e8", size = 3586126 },
    { url = "https://files.pythonhosted.org/packages/9a/6a/53de27a41d195ef9f3bba3930d22325a6e973bc7fdf8cec8c5c7c26c71a5/confluent_kafka-2.11.0-cp310-cp310-macosx_11_0_arm64.whl", hash = "sha256:fc8346a55c4b3f4e4ed938243997e3223e0f00c93c48d52a86343943c0316a6c", size = 3114836 },
    { url = "https://files.pythonhosted.org/packages/f6/4e/1a467e500b49928d4ae51d00b70f00d65f93f3eee4145d57b4a70269efde/confluent_kafka-2.11.0-cp310-cp310-manylinux_2_28_aarch64.whl", hash = "sha256:5dccc94019fbca33bcc49d993641b7145c448255206480a38eee452869653b33", size = 15365763 },
    { url = "https://files.pythonhosted.org/packages/ec/a9/c64a7f7fa807518e0b5595397dc28c4db1100f843286fcb1dfc2f56d6c32/confluent_kafka-2.11.0-cp310-cp310-manylinux_2_28_x86_64.whl", hash = "sha256:a13398b5b6e025e710b3123c17db8dbc4db78c708916bb602211257fcd7f27c8", size = 3908350 },
    { url = "https://files.pythonhosted.org/packages/c6/f9/3829417bcfe79894fff173fdb21749cd9a9f3f2499c1df1b72b5f57ae270/confluent_kafka-2.11.0-cp310-cp310-win_amd64.whl", hash = "sha256:08e0b0b7fb21ddd83801231f5f32b7e7ba4f7c9a7dee9034a1e36e6b6479143a", size = 4034426 },
    { url = "https://files.pythonhosted.org/packages/84/d8/1ca8770a1a782f7ff0b66f8bc7f93cbe3a1c68d226ed13b32fe007451491/confluent_kafka-2.11.0-cp311-cp311-macosx_10_9_x86_64.whl", hash = "sha256:2f54f077904cc8541be03e16bee9bf37207c96e6bbd3c5b3d1b5fbd878e40580", size = 3585617 },
    { url = "https://files.pythonhosted.org/packages/1d/79/53a5389d7b2775d071c87ae25e8494814ae98418d0ce4ee8acf82472ebd3/confluent_kafka-2.11.0-cp311-cp311-macosx_11_0_arm64.whl", hash = "sha256:455a368d35dc4444d4d8f442b5715e3b43310b60bb0f99837556830bd32defdf", size = 3114288 },
    { url = "https://files.pythonhosted.org/packages/74/79/667ac97c47facccae28ded35aaac9212d7a0df594f6991585b4af7a6449e/confluent_kafka-2.11.0-cp311-cp311-manylinux_2_28_aarch64.whl", hash = "sha256:707d7a39755986605402dd308013e6a142b8a5105d51f863b17f4bc283f4ac85", size = 15365347 },
    { url = "https://files.pythonhosted.org/packages/f1/c8/5aff13e7c85fe61c9eb3ee668f02bd405bc9c6e948d29ea2e569b388afbc/confluent_kafka-2.11.0-cp311-cp311-manylinux_2_28_x86_64.whl", hash = "sha256:655b5d3a90955dd4ee15e59d89f33b5eaae14e7122e9fecb93b4c03ef426ec97", size = 3907821 },
    { url = "https://files.pythonhosted.org/packages/a4/a6/0f1db9ef4a5285a34a73ac411e74e7b9347d216472366a418359152b91c5/confluent_kafka-2.11.0-cp311-cp311-win_amd64.whl", hash = "sha256:6dc952c45108351b3995b85e23d99c2251a5160e3ed3d9a7768300d8c97eca56", size = 4034432 },
    { url = "https://files.pythonhosted.org/packages/28/4c/87296e4684502cd2899638326be516efaa70cc497c528610834dc2b525f1/confluent_kafka-2.11.0-cp312-cp312-macosx_10_9_x86_64.whl", hash = "sha256:7ab9b40866d783cd410019b0380b0db815ac36ecf07be2be80a429e41d7caf98", size = 3591594 },
    { url = "https://files.pythonhosted.org/packages/a8/3d/8214379a1d9da13462b5d0f64ddaf148923c4730ad50a33b221510ab0ca1/confluent_kafka-2.11.0-cp312-cp312-macosx_11_0_arm64.whl", hash = "sha256:70682b25b5ce835de54b6eb803a75e550a953e494fe348960ed8c534cb54ea50", size = 3119712 },
    { url = "https://files.pythonhosted.org/packages/52/d9/e4135a375cd01c0eff5a54d6808e1853e702aceb41c7a1e9a29188a0c8f4/confluent_kafka-2.11.0-cp312-cp312-manylinux_2_28_aarch64.whl", hash = "sha256:80edbdf59d312772a4c5646807cb2a0b5f5a2c7f945df070aac1782a7790f432", size = 15369806 },
    { url = "https://files.pythonhosted.org/packages/fc/d3/b3d151e46fe81b124d12f5abe81e399d5851cdc8d6ffdeef57bc5367bef3/confluent_kafka-2.11.0-cp312-cp312-manylinux_2_28_x86_64.whl", hash = "sha256:1ac35a551c8df8313695bff3e81dd8ef3d9041b0edc8827883ef8015819bc59c", size = 3912280 },
    { url = "https://files.pythonhosted.org/packages/d4/c9/673a63367892a5935a00e683eb4c35b3d379715361798858aea541b20105/confluent_kafka-2.11.0-cp312-cp312-win_amd64.whl", hash = "sha256:be6273ae93a9076c28ccda39dacae98405af696c97bab02a8a78abd02fe3add4", size = 4035116 },
    { url = "https://files.pythonhosted.org/packages/7c/1b/e7d6726d75a2222d3fecaa04e5d85aad954de65ddd6760959d09260b9208/confluent_kafka-2.11.0-cp313-cp313-macosx_13_0_arm64.whl", hash = "sha256:e58b263d8e02c54396e7159d2d6668c9e6f2e7faa06c40026df205ff81b6188e", size = 3124201 },
    { url = "https://files.pythonhosted.org/packages/5f/d8/f60f5ef7e499093bca325ed8ae28583e68a55dfb423ede86bce6c33398a8/confluent_kafka-2.11.0-cp313-cp313-macosx_13_0_x86_64.whl", hash = "sha256:a29ac34c7dd3ab51c2e7cc16c37baed13369a487d7f953ff4e3a8fff08642969", size = 3594979 },
    { url = "https://files.pythonhosted.org/packages/c6/e8/833c9f719ebb9f44435fb8ee45762f2553e50692b9a015768236a4f27c86/confluent_kafka-2.11.0-cp313-cp313-manylinux_2_28_aarch64.whl", hash = "sha256:2552147d0929db95ace291e460c652981721e0e437a074445fbafdcee8b6817c", size = 15370231 },
    { url = "https://files.pythonhosted.org/packages/45/98/c6e56bdd8c5c7ac4acce4f28a367bcfee4b42eca45d461c40637a038c445/confluent_kafka-2.11.0-cp313-cp313-manylinux_2_28_x86_64.whl", hash = "sha256:ed0981e686bdc4ee86034113a750242fe1b405826bf4a553498bf558429188af", size = 3912654 },
    { url = "https://files.pythonhosted.org/packages/1a/a6/a5efb07b25bdf47305ef21e27bbfa970d7b1083af5a3c7159a0379d658d2/confluent_kafka-2.11.0-cp313-cp313-win_amd64.whl", hash = "sha256:6d6ec6e791b1c97668ff0823dff1dc005ab418b353a430fede7b5cd6c5490497", size = 4094746 },
    { url = "https://files.pythonhosted.org/packages/b2/11/0b5ef56d9d024ddb01a97ac36dbcd8c3105ae3ca76396429a64651e5b5dd/confluent_kafka-2.11.0-cp313-cp313t-manylinux_2_28_aarch64.whl", hash = "sha256:9f44a476241a81e6b3259d3f3f00aa0e94ed64a924131f83cb3b640ecdfcd633", size = 15368809 },
]

[[package]]
name = "salt"
version = "3007.5"
source = { registry = "https://pypi.org/simple" }
sdist = { url = "https://files.pythonhosted.org/packages/97/df/7a108838d73fd999cdb7dffe81dac6527c55ffc03a4052aee901c8ec1940/salt-3007.5.tar.gz", hash = "sha256:7f572e039059f1a597ba10a9bdc81dcc2375a49c49106581988f506039b3dda5", size = 19491027, upload-time = "2025-06-26T19:09:22.886Z" }

[[package]]
name = "salt-kafka"
version = "0.2.0"
source = { virtual = "." }
dependencies = [
    { name = "confluent-kafka" },
    { name = "salt" },
]

[package.metadata]
requires-dist = [
    { name = "confluent-kafka", specifier = ">=2.4.0" },
    { name = "salt", specifier = ">=3006" },
]
